
Microsoft Visual Studio Solution File, Format Version 12.00
# Visual Studio 15
VisualStudioVersion = 15.0.28307.1259
MinimumVisualStudioVersion = 10.0.40219.1
Project("{FAE04EC0-301F-11D3-BF4B-00C04F79EFBC}") = "database", "database\database.csproj", "{7027FD6A-C71D-408A-B9BA-6DBBFAA012A6}"
EndProject
Global
	GlobalSection(SolutionConfigurationPlatforms) = preSolution
		Debug|Any CPU = Debug|Any CPU
		Release|Any CPU = Release|Any CPU
	EndGlobalSection
	GlobalSection(ProjectConfigurationPlatforms) = postSolution
		{7027FD6A-C71D-408A-B9BA-6DBBFAA012A6}.Debug|Any CPU.ActiveCfg = Debug|Any CPU
		{7027FD6A-C71D-408A-B9BA-6DBBFAA012A6}.Debug|Any CPU.Build.0 = Debug|Any CPU
		{7027FD6A-C71D-408A-B9BA-6DBBFAA012A6}.Release|Any CPU.ActiveCfg = Release|Any CPU
		{7027FD6A-C71D-408A-B9BA-6DBBFAA012A6}.Release|Any CPU.Build.0 = Release|Any CPU
	EndGlobalSection
	GlobalSection(SolutionProperties) = preSolution
		HideSolutionNode = FALSE
	EndGlobalSection
	GlobalSection(ExtensibilityGlobals) = postSolution
		SolutionGuid = {C76AE87F-E74C-4D02-884E-4BCAD95C033D}
	EndGlobalSection
EndGlobal
