
Microsoft Visual Studio Solution File, Format Version 12.00
# Visual Studio 15
VisualStudioVersion = 15.0.28307.1259
MinimumVisualStudioVersion = 10.0.40219.1
Project("{FAE04EC0-301F-11D3-BF4B-00C04F79EFBC}") = "vidu_1", "vidu_1\vidu_1.csproj", "{9F297AFB-6402-4EEC-8253-7CA7A5102494}"
EndProject
Global
	GlobalSection(SolutionConfigurationPlatforms) = preSolution
		Debug|Any CPU = Debug|Any CPU
		Release|Any CPU = Release|Any CPU
	EndGlobalSection
	GlobalSection(ProjectConfigurationPlatforms) = postSolution
		{9F297AFB-6402-4EEC-8253-7CA7A5102494}.Debug|Any CPU.ActiveCfg = Debug|Any CPU
		{9F297AFB-6402-4EEC-8253-7CA7A5102494}.Debug|Any CPU.Build.0 = Debug|Any CPU
		{9F297AFB-6402-4EEC-8253-7CA7A5102494}.Release|Any CPU.ActiveCfg = Release|Any CPU
		{9F297AFB-6402-4EEC-8253-7CA7A5102494}.Release|Any CPU.Build.0 = Release|Any CPU
	EndGlobalSection
	GlobalSection(SolutionProperties) = preSolution
		HideSolutionNode = FALSE
	EndGlobalSection
	GlobalSection(ExtensibilityGlobals) = postSolution
		SolutionGuid = {4F709A8B-05F6-42A3-8CAB-C2CB1AF4DADC}
	EndGlobalSection
EndGlobal
